// !$*UTF8*$!
{
	archiveVersion = 1;
	classes = {
	};
	objectVersion = 77;
	objects = {

/* Begin PBXContainerItemProxy section */
		3BDAB5F22DC65CC9007B0848 /* PBXContainerItemProxy */ = {
			isa = PBXContainerItemProxy;
			containerPortal = 3BDAB5D92DC65CBE007B0848 /* Project object */;
			proxyType = 1;
			remoteGlobalIDString = 3BDAB5E02DC65CBE007B0848;
			remoteInfo = FitnessApp;
		};
		3BDAB5FC2DC65CC9007B0848 /* PBXContainerItemProxy */ = {
			isa = PBXContainerItemProxy;
			containerPortal = 3BDAB5D92DC65CBE007B0848 /* Project object */;
			proxyType = 1;
			remoteGlobalIDString = 3BDAB5E02DC65CBE007B0848;
			remoteInfo = FitnessApp;
		};
/* End PBXContainerItemProxy section */

/* Begin PBXFileReference section */
		3BDAB5E12DC65CBE007B0848 /* FitnessApp.app */ = {isa = PBXFileReference; explicitFileType = wrapper.application; includeInIndex = 0; path = FitnessApp.app; sourceTree = BUILT_PRODUCTS_DIR; };
		3BDAB5F12DC65CC9007B0848 /* FitnessAppTests.xctest */ = {isa = PBXFileReference; explicitFileType = wrapper.cfbundle; includeInIndex = 0; path = FitnessAppTests.xctest; sourceTree = BUILT_PRODUCTS_DIR; };
		3BDAB5FB2DC65CC9007B0848 /* FitnessAppUITests.xctest */ = {isa = PBXFileReference; explicitFileType = wrapper.cfbundle; includeInIndex = 0; path = FitnessAppUITests.xctest; sourceTree = BUILT_PRODUCTS_DIR; };
/* End PBXFileReference section */

/* Begin PBXFileSystemSynchronizedRootGroup section */
		3BDAB5E32DC65CBE007B0848 /* FitnessApp */ = {
			isa = PBXFileSystemSynchronizedRootGroup;
			path = FitnessApp;
			sourceTree = "<group>";
		};
		3BDAB5F42DC65CC9007B0848 /* FitnessAppTests */ = {
			isa = PBXFileSystemSynchronizedRootGroup;
			path = FitnessAppTests;
			sourceTree = "<group>";
		};
		3BDAB5FE2DC65CC9007B0848 /* FitnessAppUITests */ = {
			isa = PBXFileSystemSynchronizedRootGroup;
			path = FitnessAppUITests;
			sourceTree = "<group>";
		};
/* End PBXFileSystemSynchronizedRootGroup section */

/* Begin PBXFrameworksBuildPhase section */
		3BDAB5DE2DC65CBE007B0848 /* Frameworks */ = {
			isa = PBXFrameworksBuildPhase;
			buildActionMask = 2147483647;
			files = (
			);
			runOnlyForDeploymentPostprocessing = 0;
		};
		3BDAB5EE2DC65CC9007B0848 /* Frameworks */ = {
			isa = PBXFrameworksBuildPhase;
			buildActionMask = 2147483647;
			files = (
			);
			runOnlyForDeploymentPostprocessing = 0;
		};
		3BDAB5F82DC65CC9007B0848 /* Frameworks */ = {
			isa = PBXFrameworksBuildPhase;
			buildActionMask = 2147483647;
			files = (
			);
			runOnlyForDeploymentPostprocessing = 0;
		};
/* End PBXFrameworksBuildPhase section */

/* Begin PBXGroup section */
		3BDAB5D82DC65CBE007B0848 = {
			isa = PBXGroup;
			children = (
				3BDAB5E32DC65CBE007B0848 /* FitnessApp */,
				3BDAB5F42DC65CC9007B0848 /* FitnessAppTests */,
				3BDAB5FE2DC65CC9007B0848 /* FitnessAppUITests */,
				3BDAB5E22DC65CBE007B0848 /* Products */,
			);
			sourceTree = "<group>";
		};
		3BDAB5E22DC65CBE007B0848 /* Products */ = {
			isa = PBXGroup;
			children = (
				3BDAB5E12DC65CBE007B0848 /* FitnessApp.app */,
				3BDAB5F12DC65CC9007B0848 /* FitnessAppTests.xctest */,
				3BDAB5FB2DC65CC9007B0848 /* FitnessAppUITests.xctest */,
			);
			name = Products;
			sourceTree = "<group>";
		};
/* End PBXGroup section */

/* Begin PBXNativeTarget section */
		3BDAB5E02DC65CBE007B0848 /* FitnessApp */ = {
			isa = PBXNativeTarget;
			buildConfigurationList = 3BDAB6052DC65CC9007B0848 /* Build configuration list for PBXNativeTarget "FitnessApp" */;
			buildPhases = (
				3BDAB5DD2DC65CBE007B0848 /* Sources */,
				3BDAB5DE2DC65CBE007B0848 /* Frameworks */,
				3BDAB5DF2DC65CBE007B0848 /* Resources */,
			);
			buildRules = (
			);
			dependencies = (
			);
			fileSystemSynchronizedGroups = (
				3BDAB5E32DC65CBE007B0848 /* FitnessApp */,
			);
			name = FitnessApp;
			packageProductDependencies = (
			);
			productName = FitnessApp;
			productReference = 3BDAB5E12DC65CBE007B0848 /* FitnessApp.app */;
			productType = "com.apple.product-type.application";
		};
		3BDAB5F02DC65CC9007B0848 /* FitnessAppTests */ = {
			isa = PBXNativeTarget;
			buildConfigurationList = 3BDAB6082DC65CC9007B0848 /* Build configuration list for PBXNativeTarget "FitnessAppTests" */;
			buildPhases = (
				3BDAB5ED2DC65CC9007B0848 /* Sources */,
				3BDAB5EE2DC65CC9007B0848 /* Frameworks */,
				3BDAB5EF2DC65CC9007B0848 /* Resources */,
			);
			buildRules = (
			);
			dependencies = (
				3BDAB5F32DC65CC9007B0848 /* PBXTargetDependency */,
			);
			fileSystemSynchronizedGroups = (
				3BDAB5F42DC65CC9007B0848 /* FitnessAppTests */,
			);
			name = FitnessAppTests;
			packageProductDependencies = (
			);
			productName = FitnessAppTests;
			productReference = 3BDAB5F12DC65CC9007B0848 /* FitnessAppTests.xctest */;
			productType = "com.apple.product-type.bundle.unit-test";
		};
		3BDAB5FA2DC65CC9007B0848 /* FitnessAppUITests */ = {
			isa = PBXNativeTarget;
			buildConfigurationList = 3BDAB60B2DC65CC9007B0848 /* Build configuration list for PBXNativeTarget "FitnessAppUITests" */;
			buildPhases = (
				3BDAB5F72DC65CC9007B0848 /* Sources */,
				3BDAB5F82DC65CC9007B0848 /* Frameworks */,
				3BDAB5F92DC65CC9007B0848 /* Resources */,
			);
			buildRules = (
			);
			dependencies = (
				3BDAB5FD2DC65CC9007B0848 /* PBXTargetDependency */,
			);
			fileSystemSynchronizedGroups = (
				3BDAB5FE2DC65CC9007B0848 /* FitnessAppUITests */,
			);
			name = FitnessAppUITests;
			packageProductDependencies = (
			);
			productName = FitnessAppUITests;
			productReference = 3BDAB5FB2DC65CC9007B0848 /* FitnessAppUITests.xctest */;
			productType = "com.apple.product-type.bundle.ui-testing";
		};
/* End PBXNativeTarget section */

/* Begin PBXProject section */
		3BDAB5D92DC65CBE007B0848 /* Project object */ = {
			isa = PBXProject;
			attributes = {
				BuildIndependentTargetsInParallel = 1;
				LastSwiftUpdateCheck = 1620;
				LastUpgradeCheck = 1620;
				TargetAttributes = {
					3BDAB5E02DC65CBE007B0848 = {
						CreatedOnToolsVersion = 16.2;
					};
					3BDAB5F02DC65CC9007B0848 = {
						CreatedOnToolsVersion = 16.2;
						TestTargetID = 3BDAB5E02DC65CBE007B0848;
					};
					3BDAB5FA2DC65CC9007B0848 = {
						CreatedOnToolsVersion = 16.2;
						TestTargetID = 3BDAB5E02DC65CBE007B0848;
					};
				};
			};
			buildConfigurationList = 3BDAB5DC2DC65CBE007B0848 /* Build configuration list for PBXProject "FitnessApp" */;
			developmentRegion = en;
			hasScannedForEncodings = 0;
			knownRegions = (
				en,
				Base,
			);
			mainGroup = 3BDAB5D82DC65CBE007B0848;
			minimizedProjectReferenceProxies = 1;
			preferredProjectObjectVersion = 77;
			productRefGroup = 3BDAB5E22DC65CBE007B0848 /* Products */;
			projectDirPath = "";
			projectRoot = "";
			targets = (
				3BDAB5E02DC65CBE007B0848 /* FitnessApp */,
				3BDAB5F02DC65CC9007B0848 /* FitnessAppTests */,
				3BDAB5FA2DC65CC9007B0848 /* FitnessAppUITests */,
			);
		};
/* End PBXProject section */

/* Begin PBXResourcesBuildPhase section */
		3BDAB5DF2DC65CBE007B0848 /* Resources */ = {
			isa = PBXResourcesBuildPhase;
			buildActionMask = 2147483647;
			files = (
			);
			runOnlyForDeploymentPostprocessing = 0;
		};
		3BDAB5EF2DC65CC9007B0848 /* Resources */ = {
			isa = PBXResourcesBuildPhase;
			buildActionMask = 2147483647;
			files = (
			);
			runOnlyForDeploymentPostprocessing = 0;
		};
		3BDAB5F92DC65CC9007B0848 /* Resources */ = {
			isa = PBXResourcesBuildPhase;
			buildActionMask = 2147483647;
			files = (
			);
			runOnlyForDeploymentPostprocessing = 0;
		};
/* End PBXResourcesBuildPhase section */

/* Begin PBXSourcesBuildPhase section */
		3BDAB5DD2DC65CBE007B0848 /* Sources */ = {
			isa = PBXSourcesBuildPhase;
			buildActionMask = 2147483647;
			files = (
			);
			runOnlyForDeploymentPostprocessing = 0;
		};
		3BDAB5ED2DC65CC9007B0848 /* Sources */ = {
			isa = PBXSourcesBuildPhase;
			buildActionMask = 2147483647;
			files = (
			);
			runOnlyForDeploymentPostprocessing = 0;
		};
		3BDAB5F72DC65CC9007B0848 /* Sources */ = {
			isa = PBXSourcesBuildPhase;
			buildActionMask = 2147483647;
			files = (
			);
			runOnlyForDeploymentPostprocessing = 0;
		};
/* End PBXSourcesBuildPhase section */

/* Begin PBXTargetDependency section */
		3BDAB5F32DC65CC9007B0848 /* PBXTargetDependency */ = {
			isa = PBXTargetDependency;
			target = 3BDAB5E02DC65CBE007B0848 /* FitnessApp */;
			targetProxy = 3BDAB5F22DC65CC9007B0848 /* PBXContainerItemProxy */;
		};
		3BDAB5FD2DC65CC9007B0848 /* PBXTargetDependency */ = {
			isa = PBXTargetDependency;
			target = 3BDAB5E02DC65CBE007B0848 /* FitnessApp */;
			targetProxy = 3BDAB5FC2DC65CC9007B0848 /* PBXContainerItemProxy */;
		};
/* End PBXTargetDependency section */

/* Begin XCBuildConfiguration section */
		3BDAB6032DC65CC9007B0848 /* Debug */ = {
			isa = XCBuildConfiguration;
			buildSettings = {
				ALWAYS_SEARCH_USER_PATHS = NO;
				ASSETCATALOG_COMPILER_GENERATE_SWIFT_ASSET_SYMBOL_EXTENSIONS = YES;
				CLANG_ANALYZER_NONNULL = YES;
				CLANG_ANALYZER_NUMBER_OBJECT_CONVERSION = YES_AGGRESSIVE;
				CLANG_CXX_LANGUAGE_STANDARD = "gnu++20";
				CLANG_ENABLE_MODULES = YES;
				CLANG_ENABLE_OBJC_ARC = YES;
				CLANG_ENABLE_OBJC_WEAK = YES;
				CLANG_WARN_BLOCK_CAPTURE_AUTORELEASING = YES;
				CLANG_WARN_BOOL_CONVERSION = YES;
				CLANG_WARN_COMMA = YES;
				CLANG_WARN_CONSTANT_CONVERSION = YES;
				CLANG_WARN_DEPRECATED_OBJC_IMPLEMENTATIONS = YES;
				CLANG_WARN_DIRECT_OBJC_ISA_USAGE = YES_ERROR;
				CLANG_WARN_DOCUMENTATION_COMMENTS = YES;
				CLANG_WARN_EMPTY_BODY = YES;
				CLANG_WARN_ENUM_CONVERSION = YES;
				CLANG_WARN_INFINITE_RECURSION = YES;
				CLANG_WARN_INT_CONVERSION = YES;
				CLANG_WARN_NON_LITERAL_NULL_CONVERSION = YES;
				CLANG_WARN_OBJC_IMPLICIT_RETAIN_SELF = YES;
				CLANG_WARN_OBJC_LITERAL_CONVERSION = YES;
				CLANG_WARN_OBJC_ROOT_CLASS = YES_ERROR;
				CLANG_WARN_QUOTED_INCLUDE_IN_FRAMEWORK_HEADER = YES;
				CLANG_WARN_RANGE_LOOP_ANALYSIS = YES;
				CLANG_WARN_STRICT_PROTOTYPES = YES;
				CLANG_WARN_SUSPICIOUS_MOVE = YES;
				CLANG_WARN_UNGUARDED_AVAILABILITY = YES_AGGRESSIVE;
				CLANG_WARN_UNREACHABLE_CODE = YES;
				CLANG_WARN__DUPLICATE_METHOD_MATCH = YES;
				COPY_PHASE_STRIP = NO;
				DEBUG_INFORMATION_FORMAT = dwarf;
				ENABLE_STRICT_OBJC_MSGSEND = YES;
				ENABLE_TESTABILITY = YES;
				ENABLE_USER_SCRIPT_SANDBOXING = YES;
				GCC_C_LANGUAGE_STANDARD = gnu17;
				GCC_DYNAMIC_NO_PIC = NO;
				GCC_NO_COMMON_BLOCKS = YES;
				GCC_OPTIMIZATION_LEVEL = 0;
				GCC_PREPROCESSOR_DEFINITIONS = (
					"DEBUG=1",
					"$(inherited)",
				);
				GCC_WARN_64_TO_32_BIT_CONVERSION = YES;
				GCC_WARN_ABOUT_RETURN_TYPE = YES_ERROR;
				GCC_WARN_UNDECLARED_SELECTOR = YES;
				GCC_WARN_UNINITIALIZED_AUTOS = YES_AGGRESSIVE;
				GCC_WARN_UNUSED_FUNCTION = YES;
				GCC_WARN_UNUSED_VARIABLE = YES;
				IPHONEOS_DEPLOYMENT_TARGET = 18.2;
				LOCALIZATION_PREFERS_STRING_CATALOGS = YES;
				MTL_ENABLE_DEBUG_INFO = INCLUDE_SOURCE;
				MTL_FAST_MATH = YES;
				ONLY_ACTIVE_ARCH = YES;
				SDKROOT = iphoneos;
				SWIFT_ACTIVE_COMPILATION_CONDITIONS = "DEBUG $(inherited)";
				SWIFT_OPTIMIZATION_LEVEL = "-Onone";
			};
			name = Debug;
		};
		3BDAB6042DC65CC9007B0848 /* Release */ = {
			isa = XCBuildConfiguration;
			buildSettings = {
				ALWAYS_SEARCH_USER_PATHS = NO;
				ASSETCATALOG_COMPILER_GENERATE_SWIFT_ASSET_SYMBOL_EXTENSIONS = YES;
				CLANG_ANALYZER_NONNULL = YES;
				CLANG_ANALYZER_NUMBER_OBJECT_CONVERSION = YES_AGGRESSIVE;
				CLANG_CXX_LANGUAGE_STANDARD = "gnu++20";
				CLANG_ENABLE_MODULES = YES;
				CLANG_ENABLE_OBJC_ARC = YES;
				CLANG_ENABLE_OBJC_WEAK = YES;
				CLANG_WARN_BLOCK_CAPTURE_AUTORELEASING = YES;
				CLANG_WARN_BOOL_CONVERSION = YES;
				CLANG_WARN_COMMA = YES;
				CLANG_WARN_CONSTANT_CONVERSION = YES;
				CLANG_WARN_DEPRECATED_OBJC_IMPLEMENTATIONS = YES;
				CLANG_WARN_DIRECT_OBJC_ISA_USAGE = YES_ERROR;
				CLANG_WARN_DOCUMENTATION_COMMENTS = YES;
				CLANG_WARN_EMPTY_BODY = YES;
				CLANG_WARN_ENUM_CONVERSION = YES;
				CLANG_WARN_INFINITE_RECURSION = YES;
				CLANG_WARN_INT_CONVERSION = YES;
				CLANG_WARN_NON_LITERAL_NULL_CONVERSION = YES;
				CLANG_WARN_OBJC_IMPLICIT_RETAIN_SELF = YES;
				CLANG_WARN_OBJC_LITERAL_CONVERSION = YES;
				CLANG_WARN_OBJC_ROOT_CLASS = YES_ERROR;
				CLANG_WARN_QUOTED_INCLUDE_IN_FRAMEWORK_HEADER = YES;
				CLANG_WARN_RANGE_LOOP_ANALYSIS = YES;
				CLANG_WARN_STRICT_PROTOTYPES = YES;
				CLANG_WARN_SUSPICIOUS_MOVE = YES;
				CLANG_WARN_UNGUARDED_AVAILABILITY = YES_AGGRESSIVE;
				CLANG_WARN_UNREACHABLE_CODE = YES;
				CLANG_WARN__DUPLICATE_METHOD_MATCH = YES;
				COPY_PHASE_STRIP = NO;
				DEBUG_INFORMATION_FORMAT = "dwarf-with-dsym";
				ENABLE_NS_ASSERTIONS = NO;
				ENABLE_STRICT_OBJC_MSGSEND = YES;
				ENABLE_USER_SCRIPT_SANDBOXING = YES;
				GCC_C_LANGUAGE_STANDARD = gnu17;
				GCC_NO_COMMON_BLOCKS = YES;
				GCC_WARN_64_TO_32_BIT_CONVERSION = YES;
				GCC_WARN_ABOUT_RETURN_TYPE = YES_ERROR;
				GCC_WARN_UNDECLARED_SELECTOR = YES;
				GCC_WARN_UNINITIALIZED_AUTOS = YES_AGGRESSIVE;
				GCC_WARN_UNUSED_FUNCTION = YES;
				GCC_WARN_UNUSED_VARIABLE = YES;
				IPHONEOS_DEPLOYMENT_TARGET = 18.2;
				LOCALIZATION_PREFERS_STRING_CATALOGS = YES;
				MTL_ENABLE_DEBUG_INFO = NO;
				MTL_FAST_MATH = YES;
				SDKROOT = iphoneos;
				SWIFT_COMPILATION_MODE = wholemodule;
				VALIDATE_PRODUCT = YES;
			};
			name = Release;
		};
		3BDAB6062DC65CC9007B0848 /* Debug */ = {
			isa = XCBuildConfiguration;
			buildSettings = {
				ASSETCATALOG_COMPILER_APPICON_NAME = AppIcon;
				ASSETCATALOG_COMPILER_GLOBAL_ACCENT_COLOR_NAME = AccentColor;
				CODE_SIGN_STYLE = Automatic;
				CURRENT_PROJECT_VERSION = 1;
				DEVELOPMENT_ASSET_PATHS = "\"FitnessApp/\"";
				ENABLE_PREVIEWS = YES;
				GENERATE_INFOPLIST_FILE = YES;
				INFOPLIST_KEY_UIApplicationSceneManifest_Generation = YES;
				INFOPLIST_KEY_UIApplicationSupportsIndirectInputEvents = YES;
				INFOPLIST_KEY_UILaunchScreen_Generation = YES;
				INFOPLIST_KEY_UISupportedInterfaceOrientations_iPad = "UIInterfaceOrientationPortrait UIInterfaceOrientationPortraitUpsideDown UIInterfaceOrientationLandscapeLeft UIInterfaceOrientationLandscapeRight";
				INFOPLIST_KEY_UISupportedInterfaceOrientations_iPhone = "UIInterfaceOrientationPortrait UIInterfaceOrientationLandscapeLeft UIInterfaceOrientationLandscapeRight";
				LD_RUNPATH_SEARCH_PATHS = (
					"$(inherited)",
					"@executable_path/Frameworks",
				);
				MARKETING_VERSION = 1.0;
				PRODUCT_BUNDLE_IDENTIFIER = UTS.FitnessApp;
				PRODUCT_NAME = "$(TARGET_NAME)";
				SWIFT_EMIT_LOC_STRINGS = YES;
				SWIFT_VERSION = 5.0;
				TARGETED_DEVICE_FAMILY = "1,2";
			};
			name = Debug;
		};
		3BDAB6072DC65CC9007B0848 /* Release */ = {
			isa = XCBuildConfiguration;
			buildSettings = {
				ASSETCATALOG_COMPILER_APPICON_NAME = AppIcon;
				ASSETCATALOG_COMPILER_GLOBAL_ACCENT_COLOR_NAME = AccentColor;
				CODE_SIGN_STYLE = Automatic;
				CURRENT_PROJECT_VERSION = 1;
				DEVELOPMENT_ASSET_PATHS = "\"FitnessApp/\"";
				ENABLE_PREVIEWS = YES;
				GENERATE_INFOPLIST_FILE = YES;
				INFOPLIST_KEY_UIApplicationSceneManifest_Generation = YES;
				INFOPLIST_KEY_UIApplicationSupportsIndirectInputEvents = YES;
				INFOPLIST_KEY_UILaunchScreen_Generation = YES;
				INFOPLIST_KEY_UISupportedInterfaceOrientations_iPad = "UIInterfaceOrientationPortrait UIInterfaceOrientationPortraitUpsideDown UIInterfaceOrientationLandscapeLeft UIInterfaceOrientationLandscapeRight";
				INFOPLIST_KEY_UISupportedInterfaceOrientations_iPhone = "UIInterfaceOrientationPortrait UIInterfaceOrientationLandscapeLeft UIInterfaceOrientationLandscapeRight";
				LD_RUNPATH_SEARCH_PATHS = (
					"$(inherited)",
					"@executable_path/Frameworks",
				);
				MARKETING_VERSION = 1.0;
				PRODUCT_BUNDLE_IDENTIFIER = UTS.FitnessApp;
				PRODUCT_NAME = "$(TARGET_NAME)";
				SWIFT_EMIT_LOC_STRINGS = YES;
				SWIFT_VERSION = 5.0;
				TARGETED_DEVICE_FAMILY = "1,2";
			};
			name = Release;
		};
		3BDAB6092DC65CC9007B0848 /* Debug */ = {
			isa = XCBuildConfiguration;
			buildSettings = {
				BUNDLE_LOADER = "$(TEST_HOST)";
				CODE_SIGN_STYLE = Automatic;
				CURRENT_PROJECT_VERSION = 1;
				GENERATE_INFOPLIST_FILE = YES;
				IPHONEOS_DEPLOYMENT_TARGET = 18.2;
				MARKETING_VERSION = 1.0;
				PRODUCT_BUNDLE_IDENTIFIER = UTS.FitnessAppTests;
				PRODUCT_NAME = "$(TARGET_NAME)";
				SWIFT_EMIT_LOC_STRINGS = NO;
				SWIFT_VERSION = 5.0;
				TARGETED_DEVICE_FAMILY = "1,2";
				TEST_HOST = "$(BUILT_PRODUCTS_DIR)/FitnessApp.app/$(BUNDLE_EXECUTABLE_FOLDER_PATH)/FitnessApp";
			};
			name = Debug;
		};
		3BDAB60A2DC65CC9007B0848 /* Release */ = {
			isa = XCBuildConfiguration;
			buildSettings = {
				BUNDLE_LOADER = "$(TEST_HOST)";
				CODE_SIGN_STYLE = Automatic;
				CURRENT_PROJECT_VERSION = 1;
				GENERATE_INFOPLIST_FILE = YES;
				IPHONEOS_DEPLOYMENT_TARGET = 18.2;
				MARKETING_VERSION = 1.0;
				PRODUCT_BUNDLE_IDENTIFIER = UTS.FitnessAppTests;
				PRODUCT_NAME = "$(TARGET_NAME)";
				SWIFT_EMIT_LOC_STRINGS = NO;
				SWIFT_VERSION = 5.0;
				TARGETED_DEVICE_FAMILY = "1,2";
				TEST_HOST = "$(BUILT_PRODUCTS_DIR)/FitnessApp.app/$(BUNDLE_EXECUTABLE_FOLDER_PATH)/FitnessApp";
			};
			name = Release;
		};
		3BDAB60C2DC65CC9007B0848 /* Debug */ = {
			isa = XCBuildConfiguration;
			buildSettings = {
				CODE_SIGN_STYLE = Automatic;
				CURRENT_PROJECT_VERSION = 1;
				GENERATE_INFOPLIST_FILE = YES;
				MARKETING_VERSION = 1.0;
				PRODUCT_BUNDLE_IDENTIFIER = UTS.FitnessAppUITests;
				PRODUCT_NAME = "$(TARGET_NAME)";
				SWIFT_EMIT_LOC_STRINGS = NO;
				SWIFT_VERSION = 5.0;
				TARGETED_DEVICE_FAMILY = "1,2";
				TEST_TARGET_NAME = FitnessApp;
			};
			name = Debug;
		};
		3BDAB60D2DC65CC9007B0848 /* Release */ = {
			isa = XCBuildConfiguration;
			buildSettings = {
				CODE_SIGN_STYLE = Automatic;
				CURRENT_PROJECT_VERSION = 1;
				GENERATE_INFOPLIST_FILE = YES;
				MARKETING_VERSION = 1.0;
				PRODUCT_BUNDLE_IDENTIFIER = UTS.FitnessAppUITests;
				PRODUCT_NAME = "$(TARGET_NAME)";
				SWIFT_EMIT_LOC_STRINGS = NO;
				SWIFT_VERSION = 5.0;
				TARGETED_DEVICE_FAMILY = "1,2";
				TEST_TARGET_NAME = FitnessApp;
			};
			name = Release;
		};
/* End XCBuildConfiguration section */

/* Begin XCConfigurationList section */
		3BDAB5DC2DC65CBE007B0848 /* Build configuration list for PBXProject "FitnessApp" */ = {
			isa = XCConfigurationList;
			buildConfigurations = (
				3BDAB6032DC65CC9007B0848 /* Debug */,
				3BDAB6042DC65CC9007B0848 /* Release */,
			);
			defaultConfigurationIsVisible = 0;
			defaultConfigurationName = Release;
		};
		3BDAB6052DC65CC9007B0848 /* Build configuration list for PBXNativeTarget "FitnessApp" */ = {
			isa = XCConfigurationList;
			buildConfigurations = (
				3BDAB6062DC65CC9007B0848 /* Debug */,
				3BDAB6072DC65CC9007B0848 /* Release */,
			);
			defaultConfigurationIsVisible = 0;
			defaultConfigurationName = Release;
		};
		3BDAB6082DC65CC9007B0848 /* Build configuration list for PBXNativeTarget "FitnessAppTests" */ = {
			isa = XCConfigurationList;
			buildConfigurations = (
				3BDAB6092DC65CC9007B0848 /* Debug */,
				3BDAB60A2DC65CC9007B0848 /* Release */,
			);
			defaultConfigurationIsVisible = 0;
			defaultConfigurationName = Release;
		};
		3BDAB60B2DC65CC9007B0848 /* Build configuration list for PBXNativeTarget "FitnessAppUITests" */ = {
			isa = XCConfigurationList;
			buildConfigurations = (
				3BDAB60C2DC65CC9007B0848 /* Debug */,
				3BDAB60D2DC65CC9007B0848 /* Release */,
			);
			defaultConfigurationIsVisible = 0;
			defaultConfigurationName = Release;
		};
/* End XCConfigurationList section */
	};
	rootObject = 3BDAB5D92DC65CBE007B0848 /* Project object */;
}
